<Solution>
  <Folder Name="/src/">
    <Project Path="src\CopilotPasswordValidationKata.Api\CopilotPasswordValidationKata.Api.csproj" />
  </Folder>
  <Folder Name="/tests/">
    <Project Path="tests\CopilotPasswordValidationKata.IntegrationTests\CopilotPasswordValidationKata.IntegrationTests.csproj" />
  </Folder>
</Solution>
